
Microsoft Visual Studio Solution File, Format Version 12.00
# Visual Studio 2013
VisualStudioVersion = 12.0.30501.0
MinimumVisualStudioVersion = 10.0.40219.1
Project("{FAE04EC0-301F-11D3-BF4B-00C04F79EFBC}") = "BuildStuff.Mobile.WinPhone", "BuildStuff.Mobile\BuildStuff.Mobile.WinPhone\BuildStuff.Mobile.WinPhone.csproj", "{023A1953-22E3-4457-AFCE-EC461BBD660A}"
EndProject
Project("{FAE04EC0-301F-11D3-BF4B-00C04F79EFBC}") = "BuildStuff.Mobile.iOS", "BuildStuff.Mobile\BuildStuff.Mobile.iOS\BuildStuff.Mobile.iOS.csproj", "{59CEB9F4-6A1C-4170-8439-64EF8B1873E1}"
EndProject
Project("{FAE04EC0-301F-11D3-BF4B-00C04F79EFBC}") = "BuildStuff.Mobile.Android", "BuildStuff.Mobile\BuildStuff.Mobile.Android\BuildStuff.Mobile.Android.csproj", "{C4FEB5BF-A564-491F-A157-352F0AAECDFC}"
EndProject
Project("{D954291E-2A0B-460D-934E-DC6B0785DB48}") = "BuildStuff.Mobile", "BuildStuff.Mobile\BuildStuff.Mobile\BuildStuff.Mobile.shproj", "{D052B7CF-E737-40F7-9FD3-6ACA6953F606}"
EndProject
Global
	GlobalSection(SharedMSBuildProjectFiles) = preSolution
		BuildStuff.Mobile\BuildStuff.Mobile\BuildStuff.Mobile.projitems*{d052b7cf-e737-40f7-9fd3-6aca6953f606}*SharedItemsImports = 13
	EndGlobalSection
	GlobalSection(SolutionConfigurationPlatforms) = preSolution
		Ad-Hoc|Any CPU = Ad-Hoc|Any CPU
		Ad-Hoc|ARM = Ad-Hoc|ARM
		Ad-Hoc|iPhone = Ad-Hoc|iPhone
		Ad-Hoc|iPhoneSimulator = Ad-Hoc|iPhoneSimulator
		Ad-Hoc|Mixed Platforms = Ad-Hoc|Mixed Platforms
		Ad-Hoc|x86 = Ad-Hoc|x86
		AppStore|Any CPU = AppStore|Any CPU
		AppStore|ARM = AppStore|ARM
		AppStore|iPhone = AppStore|iPhone
		AppStore|iPhoneSimulator = AppStore|iPhoneSimulator
		AppStore|Mixed Platforms = AppStore|Mixed Platforms
		AppStore|x86 = AppStore|x86
		Debug|Any CPU = Debug|Any CPU
		Debug|ARM = Debug|ARM
		Debug|iPhone = Debug|iPhone
		Debug|iPhoneSimulator = Debug|iPhoneSimulator
		Debug|Mixed Platforms = Debug|Mixed Platforms
		Debug|x86 = Debug|x86
		Release|Any CPU = Release|Any CPU
		Release|ARM = Release|ARM
		Release|iPhone = Release|iPhone
		Release|iPhoneSimulator = Release|iPhoneSimulator
		Release|Mixed Platforms = Release|Mixed Platforms
		Release|x86 = Release|x86
	EndGlobalSection
	GlobalSection(ProjectConfigurationPlatforms) = postSolution
		{023A1953-22E3-4457-AFCE-EC461BBD660A}.Ad-Hoc|Any CPU.ActiveCfg = Release|Any CPU
		{023A1953-22E3-4457-AFCE-EC461BBD660A}.Ad-Hoc|Any CPU.Build.0 = Release|Any CPU
		{023A1953-22E3-4457-AFCE-EC461BBD660A}.Ad-Hoc|Any CPU.Deploy.0 = Release|Any CPU
		{023A1953-22E3-4457-AFCE-EC461BBD660A}.Ad-Hoc|ARM.ActiveCfg = Release|ARM
		{023A1953-22E3-4457-AFCE-EC461BBD660A}.Ad-Hoc|ARM.Build.0 = Release|ARM
		{023A1953-22E3-4457-AFCE-EC461BBD660A}.Ad-Hoc|ARM.Deploy.0 = Release|ARM
		{023A1953-22E3-4457-AFCE-EC461BBD660A}.Ad-Hoc|iPhone.ActiveCfg = Release|Any CPU
		{023A1953-22E3-4457-AFCE-EC461BBD660A}.Ad-Hoc|iPhoneSimulator.ActiveCfg = Release|Any CPU
		{023A1953-22E3-4457-AFCE-EC461BBD660A}.Ad-Hoc|Mixed Platforms.ActiveCfg = Release|x86
		{023A1953-22E3-4457-AFCE-EC461BBD660A}.Ad-Hoc|Mixed Platforms.Build.0 = Release|x86
		{023A1953-22E3-4457-AFCE-EC461BBD660A}.Ad-Hoc|Mixed Platforms.Deploy.0 = Release|x86
		{023A1953-22E3-4457-AFCE-EC461BBD660A}.Ad-Hoc|x86.ActiveCfg = Release|x86
		{023A1953-22E3-4457-AFCE-EC461BBD660A}.Ad-Hoc|x86.Build.0 = Release|x86
		{023A1953-22E3-4457-AFCE-EC461BBD660A}.Ad-Hoc|x86.Deploy.0 = Release|x86
		{023A1953-22E3-4457-AFCE-EC461BBD660A}.AppStore|Any CPU.ActiveCfg = Release|Any CPU
		{023A1953-22E3-4457-AFCE-EC461BBD660A}.AppStore|Any CPU.Build.0 = Release|Any CPU
		{023A1953-22E3-4457-AFCE-EC461BBD660A}.AppStore|Any CPU.Deploy.0 = Release|Any CPU
		{023A1953-22E3-4457-AFCE-EC461BBD660A}.AppStore|ARM.ActiveCfg = Release|ARM
		{023A1953-22E3-4457-AFCE-EC461BBD660A}.AppStore|ARM.Build.0 = Release|ARM
		{023A1953-22E3-4457-AFCE-EC461BBD660A}.AppStore|ARM.Deploy.0 = Release|ARM
		{023A1953-22E3-4457-AFCE-EC461BBD660A}.AppStore|iPhone.ActiveCfg = Release|Any CPU
		{023A1953-22E3-4457-AFCE-EC461BBD660A}.AppStore|iPhoneSimulator.ActiveCfg = Release|Any CPU
		{023A1953-22E3-4457-AFCE-EC461BBD660A}.AppStore|Mixed Platforms.ActiveCfg = Release|x86
		{023A1953-22E3-4457-AFCE-EC461BBD660A}.AppStore|Mixed Platforms.Build.0 = Release|x86
		{023A1953-22E3-4457-AFCE-EC461BBD660A}.AppStore|Mixed Platforms.Deploy.0 = Release|x86
		{023A1953-22E3-4457-AFCE-EC461BBD660A}.AppStore|x86.ActiveCfg = Release|x86
		{023A1953-22E3-4457-AFCE-EC461BBD660A}.AppStore|x86.Build.0 = Release|x86
		{023A1953-22E3-4457-AFCE-EC461BBD660A}.AppStore|x86.Deploy.0 = Release|x86
		{023A1953-22E3-4457-AFCE-EC461BBD660A}.Debug|Any CPU.ActiveCfg = Debug|Any CPU
		{023A1953-22E3-4457-AFCE-EC461BBD660A}.Debug|Any CPU.Build.0 = Debug|Any CPU
		{023A1953-22E3-4457-AFCE-EC461BBD660A}.Debug|Any CPU.Deploy.0 = Debug|Any CPU
		{023A1953-22E3-4457-AFCE-EC461BBD660A}.Debug|ARM.ActiveCfg = Debug|ARM
		{023A1953-22E3-4457-AFCE-EC461BBD660A}.Debug|ARM.Build.0 = Debug|ARM
		{023A1953-22E3-4457-AFCE-EC461BBD660A}.Debug|ARM.Deploy.0 = Debug|ARM
		{023A1953-22E3-4457-AFCE-EC461BBD660A}.Debug|iPhone.ActiveCfg = Debug|Any CPU
		{023A1953-22E3-4457-AFCE-EC461BBD660A}.Debug|iPhoneSimulator.ActiveCfg = Debug|Any CPU
		{023A1953-22E3-4457-AFCE-EC461BBD660A}.Debug|Mixed Platforms.ActiveCfg = Debug|x86
		{023A1953-22E3-4457-AFCE-EC461BBD660A}.Debug|Mixed Platforms.Build.0 = Debug|x86
		{023A1953-22E3-4457-AFCE-EC461BBD660A}.Debug|Mixed Platforms.Deploy.0 = Debug|x86
		{023A1953-22E3-4457-AFCE-EC461BBD660A}.Debug|x86.ActiveCfg = Debug|x86
		{023A1953-22E3-4457-AFCE-EC461BBD660A}.Debug|x86.Build.0 = Debug|x86
		{023A1953-22E3-4457-AFCE-EC461BBD660A}.Debug|x86.Deploy.0 = Debug|x86
		{023A1953-22E3-4457-AFCE-EC461BBD660A}.Release|Any CPU.ActiveCfg = Release|Any CPU
		{023A1953-22E3-4457-AFCE-EC461BBD660A}.Release|Any CPU.Build.0 = Release|Any CPU
		{023A1953-22E3-4457-AFCE-EC461BBD660A}.Release|Any CPU.Deploy.0 = Release|Any CPU
		{023A1953-22E3-4457-AFCE-EC461BBD660A}.Release|ARM.ActiveCfg = Release|ARM
		{023A1953-22E3-4457-AFCE-EC461BBD660A}.Release|ARM.Build.0 = Release|ARM
		{023A1953-22E3-4457-AFCE-EC461BBD660A}.Release|ARM.Deploy.0 = Release|ARM
		{023A1953-22E3-4457-AFCE-EC461BBD660A}.Release|iPhone.ActiveCfg = Release|Any CPU
		{023A1953-22E3-4457-AFCE-EC461BBD660A}.Release|iPhoneSimulator.ActiveCfg = Release|Any CPU
		{023A1953-22E3-4457-AFCE-EC461BBD660A}.Release|Mixed Platforms.ActiveCfg = Release|x86
		{023A1953-22E3-4457-AFCE-EC461BBD660A}.Release|Mixed Platforms.Build.0 = Release|x86
		{023A1953-22E3-4457-AFCE-EC461BBD660A}.Release|Mixed Platforms.Deploy.0 = Release|x86
		{023A1953-22E3-4457-AFCE-EC461BBD660A}.Release|x86.ActiveCfg = Release|x86
		{023A1953-22E3-4457-AFCE-EC461BBD660A}.Release|x86.Build.0 = Release|x86
		{023A1953-22E3-4457-AFCE-EC461BBD660A}.Release|x86.Deploy.0 = Release|x86
		{59CEB9F4-6A1C-4170-8439-64EF8B1873E1}.Ad-Hoc|Any CPU.ActiveCfg = Ad-Hoc|iPhone
		{59CEB9F4-6A1C-4170-8439-64EF8B1873E1}.Ad-Hoc|ARM.ActiveCfg = Ad-Hoc|iPhone
		{59CEB9F4-6A1C-4170-8439-64EF8B1873E1}.Ad-Hoc|iPhone.ActiveCfg = Ad-Hoc|iPhone
		{59CEB9F4-6A1C-4170-8439-64EF8B1873E1}.Ad-Hoc|iPhone.Build.0 = Ad-Hoc|iPhone
		{59CEB9F4-6A1C-4170-8439-64EF8B1873E1}.Ad-Hoc|iPhone.Deploy.0 = Ad-Hoc|iPhone
		{59CEB9F4-6A1C-4170-8439-64EF8B1873E1}.Ad-Hoc|iPhoneSimulator.ActiveCfg = Ad-Hoc|iPhoneSimulator
		{59CEB9F4-6A1C-4170-8439-64EF8B1873E1}.Ad-Hoc|iPhoneSimulator.Build.0 = Ad-Hoc|iPhoneSimulator
		{59CEB9F4-6A1C-4170-8439-64EF8B1873E1}.Ad-Hoc|iPhoneSimulator.Deploy.0 = Ad-Hoc|iPhoneSimulator
		{59CEB9F4-6A1C-4170-8439-64EF8B1873E1}.Ad-Hoc|Mixed Platforms.ActiveCfg = Ad-Hoc|iPhone
		{59CEB9F4-6A1C-4170-8439-64EF8B1873E1}.Ad-Hoc|Mixed Platforms.Build.0 = Ad-Hoc|iPhone
		{59CEB9F4-6A1C-4170-8439-64EF8B1873E1}.Ad-Hoc|Mixed Platforms.Deploy.0 = Ad-Hoc|iPhone
		{59CEB9F4-6A1C-4170-8439-64EF8B1873E1}.Ad-Hoc|x86.ActiveCfg = Ad-Hoc|iPhone
		{59CEB9F4-6A1C-4170-8439-64EF8B1873E1}.AppStore|Any CPU.ActiveCfg = AppStore|iPhone
		{59CEB9F4-6A1C-4170-8439-64EF8B1873E1}.AppStore|ARM.ActiveCfg = AppStore|iPhone
		{59CEB9F4-6A1C-4170-8439-64EF8B1873E1}.AppStore|iPhone.ActiveCfg = AppStore|iPhone
		{59CEB9F4-6A1C-4170-8439-64EF8B1873E1}.AppStore|iPhone.Build.0 = AppStore|iPhone
		{59CEB9F4-6A1C-4170-8439-64EF8B1873E1}.AppStore|iPhone.Deploy.0 = AppStore|iPhone
		{59CEB9F4-6A1C-4170-8439-64EF8B1873E1}.AppStore|iPhoneSimulator.ActiveCfg = AppStore|iPhoneSimulator
		{59CEB9F4-6A1C-4170-8439-64EF8B1873E1}.AppStore|iPhoneSimulator.Build.0 = AppStore|iPhoneSimulator
		{59CEB9F4-6A1C-4170-8439-64EF8B1873E1}.AppStore|iPhoneSimulator.Deploy.0 = AppStore|iPhoneSimulator
		{59CEB9F4-6A1C-4170-8439-64EF8B1873E1}.AppStore|Mixed Platforms.ActiveCfg = AppStore|iPhone
		{59CEB9F4-6A1C-4170-8439-64EF8B1873E1}.AppStore|Mixed Platforms.Build.0 = AppStore|iPhone
		{59CEB9F4-6A1C-4170-8439-64EF8B1873E1}.AppStore|Mixed Platforms.Deploy.0 = AppStore|iPhone
		{59CEB9F4-6A1C-4170-8439-64EF8B1873E1}.AppStore|x86.ActiveCfg = AppStore|iPhone
		{59CEB9F4-6A1C-4170-8439-64EF8B1873E1}.Debug|Any CPU.ActiveCfg = Debug|iPhone
		{59CEB9F4-6A1C-4170-8439-64EF8B1873E1}.Debug|ARM.ActiveCfg = Debug|iPhone
		{59CEB9F4-6A1C-4170-8439-64EF8B1873E1}.Debug|iPhone.ActiveCfg = Debug|iPhone
		{59CEB9F4-6A1C-4170-8439-64EF8B1873E1}.Debug|iPhone.Build.0 = Debug|iPhone
		{59CEB9F4-6A1C-4170-8439-64EF8B1873E1}.Debug|iPhone.Deploy.0 = Debug|iPhone
		{59CEB9F4-6A1C-4170-8439-64EF8B1873E1}.Debug|iPhoneSimulator.ActiveCfg = Debug|iPhoneSimulator
		{59CEB9F4-6A1C-4170-8439-64EF8B1873E1}.Debug|iPhoneSimulator.Build.0 = Debug|iPhoneSimulator
		{59CEB9F4-6A1C-4170-8439-64EF8B1873E1}.Debug|iPhoneSimulator.Deploy.0 = Debug|iPhoneSimulator
		{59CEB9F4-6A1C-4170-8439-64EF8B1873E1}.Debug|Mixed Platforms.ActiveCfg = Debug|iPhone
		{59CEB9F4-6A1C-4170-8439-64EF8B1873E1}.Debug|Mixed Platforms.Build.0 = Debug|iPhone
		{59CEB9F4-6A1C-4170-8439-64EF8B1873E1}.Debug|Mixed Platforms.Deploy.0 = Debug|iPhone
		{59CEB9F4-6A1C-4170-8439-64EF8B1873E1}.Debug|x86.ActiveCfg = Debug|iPhone
		{59CEB9F4-6A1C-4170-8439-64EF8B1873E1}.Release|Any CPU.ActiveCfg = Release|iPhone
		{59CEB9F4-6A1C-4170-8439-64EF8B1873E1}.Release|ARM.ActiveCfg = Release|iPhone
		{59CEB9F4-6A1C-4170-8439-64EF8B1873E1}.Release|iPhone.ActiveCfg = Release|iPhone
		{59CEB9F4-6A1C-4170-8439-64EF8B1873E1}.Release|iPhone.Build.0 = Release|iPhone
		{59CEB9F4-6A1C-4170-8439-64EF8B1873E1}.Release|iPhone.Deploy.0 = Release|iPhone
		{59CEB9F4-6A1C-4170-8439-64EF8B1873E1}.Release|iPhoneSimulator.ActiveCfg = Release|iPhoneSimulator
		{59CEB9F4-6A1C-4170-8439-64EF8B1873E1}.Release|iPhoneSimulator.Build.0 = Release|iPhoneSimulator
		{59CEB9F4-6A1C-4170-8439-64EF8B1873E1}.Release|iPhoneSimulator.Deploy.0 = Release|iPhoneSimulator
		{59CEB9F4-6A1C-4170-8439-64EF8B1873E1}.Release|Mixed Platforms.ActiveCfg = Release|iPhone
		{59CEB9F4-6A1C-4170-8439-64EF8B1873E1}.Release|Mixed Platforms.Build.0 = Release|iPhone
		{59CEB9F4-6A1C-4170-8439-64EF8B1873E1}.Release|Mixed Platforms.Deploy.0 = Release|iPhone
		{59CEB9F4-6A1C-4170-8439-64EF8B1873E1}.Release|x86.ActiveCfg = Release|iPhone
		{C4FEB5BF-A564-491F-A157-352F0AAECDFC}.Ad-Hoc|Any CPU.ActiveCfg = Release|Any CPU
		{C4FEB5BF-A564-491F-A157-352F0AAECDFC}.Ad-Hoc|Any CPU.Build.0 = Release|Any CPU
		{C4FEB5BF-A564-491F-A157-352F0AAECDFC}.Ad-Hoc|Any CPU.Deploy.0 = Release|Any CPU
		{C4FEB5BF-A564-491F-A157-352F0AAECDFC}.Ad-Hoc|ARM.ActiveCfg = Release|Any CPU
		{C4FEB5BF-A564-491F-A157-352F0AAECDFC}.Ad-Hoc|iPhone.ActiveCfg = Release|Any CPU
		{C4FEB5BF-A564-491F-A157-352F0AAECDFC}.Ad-Hoc|iPhoneSimulator.ActiveCfg = Release|Any CPU
		{C4FEB5BF-A564-491F-A157-352F0AAECDFC}.Ad-Hoc|Mixed Platforms.ActiveCfg = Release|Any CPU
		{C4FEB5BF-A564-491F-A157-352F0AAECDFC}.Ad-Hoc|Mixed Platforms.Build.0 = Release|Any CPU
		{C4FEB5BF-A564-491F-A157-352F0AAECDFC}.Ad-Hoc|Mixed Platforms.Deploy.0 = Release|Any CPU
		{C4FEB5BF-A564-491F-A157-352F0AAECDFC}.Ad-Hoc|x86.ActiveCfg = Release|Any CPU
		{C4FEB5BF-A564-491F-A157-352F0AAECDFC}.AppStore|Any CPU.ActiveCfg = Release|Any CPU
		{C4FEB5BF-A564-491F-A157-352F0AAECDFC}.AppStore|Any CPU.Build.0 = Release|Any CPU
		{C4FEB5BF-A564-491F-A157-352F0AAECDFC}.AppStore|Any CPU.Deploy.0 = Release|Any CPU
		{C4FEB5BF-A564-491F-A157-352F0AAECDFC}.AppStore|ARM.ActiveCfg = Release|Any CPU
		{C4FEB5BF-A564-491F-A157-352F0AAECDFC}.AppStore|iPhone.ActiveCfg = Release|Any CPU
		{C4FEB5BF-A564-491F-A157-352F0AAECDFC}.AppStore|iPhoneSimulator.ActiveCfg = Release|Any CPU
		{C4FEB5BF-A564-491F-A157-352F0AAECDFC}.AppStore|Mixed Platforms.ActiveCfg = Release|Any CPU
		{C4FEB5BF-A564-491F-A157-352F0AAECDFC}.AppStore|Mixed Platforms.Build.0 = Release|Any CPU
		{C4FEB5BF-A564-491F-A157-352F0AAECDFC}.AppStore|Mixed Platforms.Deploy.0 = Release|Any CPU
		{C4FEB5BF-A564-491F-A157-352F0AAECDFC}.AppStore|x86.ActiveCfg = Release|Any CPU
		{C4FEB5BF-A564-491F-A157-352F0AAECDFC}.Debug|Any CPU.ActiveCfg = Debug|Any CPU
		{C4FEB5BF-A564-491F-A157-352F0AAECDFC}.Debug|Any CPU.Build.0 = Debug|Any CPU
		{C4FEB5BF-A564-491F-A157-352F0AAECDFC}.Debug|Any CPU.Deploy.0 = Debug|Any CPU
		{C4FEB5BF-A564-491F-A157-352F0AAECDFC}.Debug|ARM.ActiveCfg = Debug|Any CPU
		{C4FEB5BF-A564-491F-A157-352F0AAECDFC}.Debug|iPhone.ActiveCfg = Debug|Any CPU
		{C4FEB5BF-A564-491F-A157-352F0AAECDFC}.Debug|iPhoneSimulator.ActiveCfg = Debug|Any CPU
		{C4FEB5BF-A564-491F-A157-352F0AAECDFC}.Debug|Mixed Platforms.ActiveCfg = Debug|Any CPU
		{C4FEB5BF-A564-491F-A157-352F0AAECDFC}.Debug|Mixed Platforms.Build.0 = Debug|Any CPU
		{C4FEB5BF-A564-491F-A157-352F0AAECDFC}.Debug|Mixed Platforms.Deploy.0 = Debug|Any CPU
		{C4FEB5BF-A564-491F-A157-352F0AAECDFC}.Debug|x86.ActiveCfg = Debug|Any CPU
		{C4FEB5BF-A564-491F-A157-352F0AAECDFC}.Release|Any CPU.ActiveCfg = Release|Any CPU
		{C4FEB5BF-A564-491F-A157-352F0AAECDFC}.Release|Any CPU.Build.0 = Release|Any CPU
		{C4FEB5BF-A564-491F-A157-352F0AAECDFC}.Release|Any CPU.Deploy.0 = Release|Any CPU
		{C4FEB5BF-A564-491F-A157-352F0AAECDFC}.Release|ARM.ActiveCfg = Release|Any CPU
		{C4FEB5BF-A564-491F-A157-352F0AAECDFC}.Release|iPhone.ActiveCfg = Release|Any CPU
		{C4FEB5BF-A564-491F-A157-352F0AAECDFC}.Release|iPhoneSimulator.ActiveCfg = Release|Any CPU
		{C4FEB5BF-A564-491F-A157-352F0AAECDFC}.Release|Mixed Platforms.ActiveCfg = Release|Any CPU
		{C4FEB5BF-A564-491F-A157-352F0AAECDFC}.Release|Mixed Platforms.Build.0 = Release|Any CPU
		{C4FEB5BF-A564-491F-A157-352F0AAECDFC}.Release|Mixed Platforms.Deploy.0 = Release|Any CPU
		{C4FEB5BF-A564-491F-A157-352F0AAECDFC}.Release|x86.ActiveCfg = Release|Any CPU
	EndGlobalSection
	GlobalSection(SolutionProperties) = preSolution
		HideSolutionNode = FALSE
	EndGlobalSection
EndGlobal
